// !$*UTF8*$!
{
	archiveVersion = 1;
	classes = {
	};
	objectVersion = 46;
	objects = {

/* Begin PBXBuildFile section */
		3E91A2221BD512CA00660650 /* main.m in Sources */ = {isa = PBXBuildFile; fileRef = 3E91A2211BD512CA00660650 /* main.m */; };
		3E91A2251BD512CA00660650 /* AppDelegate.m in Sources */ = {isa = PBXBuildFile; fileRef = 3E91A2241BD512CA00660650 /* AppDelegate.m */; };
		3E91A2281BD512CA00660650 /* ViewController.m in Sources */ = {isa = PBXBuildFile; fileRef = 3E91A2271BD512CA00660650 /* ViewController.m */; };
		3E91A22B1BD512CA00660650 /* Main.storyboard in Resources */ = {isa = PBXBuildFile; fileRef = 3E91A2291BD512CA00660650 /* Main.storyboard */; };
		3E91A22D1BD512CA00660650 /* Assets.xcassets in Resources */ = {isa = PBXBuildFile; fileRef = 3E91A22C1BD512CA00660650 /* Assets.xcassets */; };
		3E91A2301BD512CA00660650 /* LaunchScreen.storyboard in Resources */ = {isa = PBXBuildFile; fileRef = 3E91A22E1BD512CA00660650 /* LaunchScreen.storyboard */; };
		3E91A2391BD5131C00660650 /* Data.txt in Resources */ = {isa = PBXBuildFile; fileRef = 3E91A2381BD5131C00660650 /* Data.txt */; settings = {ASSET_TAGS = (); }; };
/* End PBXBuildFile section */

/* Begin PBXFileReference section */
		3E91A21D1BD512CA00660650 /* SPAutolayout-V1.app */ = {isa = PBXFileReference; explicitFileType = wrapper.application; includeInIndex = 0; path = "SPAutolayout-V1.app"; sourceTree = BUILT_PRODUCTS_DIR; };
		3E91A2211BD512CA00660650 /* main.m */ = {isa = PBXFileReference; lastKnownFileType = sourcecode.c.objc; name = main.m; path = SPSupportingFiles/main.m; sourceTree = "<group>"; };
		3E91A2231BD512CA00660650 /* AppDelegate.h */ = {isa = PBXFileReference; lastKnownFileType = sourcecode.c.h; path = AppDelegate.h; sourceTree = "<group>"; };
		3E91A2241BD512CA00660650 /* AppDelegate.m */ = {isa = PBXFileReference; lastKnownFileType = sourcecode.c.objc; path = AppDelegate.m; sourceTree = "<group>"; };
		3E91A2261BD512CA00660650 /* ViewController.h */ = {isa = PBXFileReference; lastKnownFileType = sourcecode.c.h; name = ViewController.h; path = SPClasses/SPControllers/ViewController.h; sourceTree = "<group>"; };
		3E91A2271BD512CA00660650 /* ViewController.m */ = {isa = PBXFileReference; lastKnownFileType = sourcecode.c.objc; name = ViewController.m; path = SPClasses/SPControllers/ViewController.m; sourceTree = "<group>"; };
		3E91A22A1BD512CA00660650 /* Base */ = {isa = PBXFileReference; lastKnownFileType = file.storyboard; name = Base; path = Base.lproj/Main.storyboard; sourceTree = "<group>"; };
		3E91A22C1BD512CA00660650 /* Assets.xcassets */ = {isa = PBXFileReference; lastKnownFileType = folder.assetcatalog; path = Assets.xcassets; sourceTree = "<group>"; };
		3E91A22F1BD512CA00660650 /* Base */ = {isa = PBXFileReference; lastKnownFileType = file.storyboard; name = Base; path = Base.lproj/LaunchScreen.storyboard; sourceTree = "<group>"; };
		3E91A2311BD512CA00660650 /* Info.plist */ = {isa = PBXFileReference; lastKnownFileType = text.plist.xml; path = Info.plist; sourceTree = "<group>"; };
		3E91A2381BD5131C00660650 /* Data.txt */ = {isa = PBXFileReference; fileEncoding = 4; lastKnownFileType = text; name = Data.txt; path = SPSupportingFiles/Data.txt; sourceTree = "<group>"; };
/* End PBXFileReference section */

/* Begin PBXFrameworksBuildPhase section */
		3E91A21A1BD512CA00660650 /* Frameworks */ = {
			isa = PBXFrameworksBuildPhase;
			buildActionMask = 2147483647;
			files = (
			);
			runOnlyForDeploymentPostprocessing = 0;
		};
/* End PBXFrameworksBuildPhase section */

/* Begin PBXGroup section */
		3E91A2141BD512CA00660650 = {
			isa = PBXGroup;
			children = (
				3E91A21F1BD512CA00660650 /* SPAutolayout-V1 */,
				3E91A21E1BD512CA00660650 /* Products */,
			);
			sourceTree = "<group>";
		};
		3E91A21E1BD512CA00660650 /* Products */ = {
			isa = PBXGroup;
			children = (
				3E91A21D1BD512CA00660650 /* SPAutolayout-V1.app */,
			);
			name = Products;
			sourceTree = "<group>";
		};
		3E91A21F1BD512CA00660650 /* SPAutolayout-V1 */ = {
			isa = PBXGroup;
			children = (
				3E91A2231BD512CA00660650 /* AppDelegate.h */,
				3E91A2241BD512CA00660650 /* AppDelegate.m */,
				3E91A23A1BD529DC00660650 /* SPClasses */,
				3E91A2371BD512DF00660650 /* SPStoryboards */,
				3E91A22C1BD512CA00660650 /* Assets.xcassets */,
				3E91A2311BD512CA00660650 /* Info.plist */,
				3E91A2201BD512CA00660650 /* Supporting Files */,
			);
			path = "SPAutolayout-V1";
			sourceTree = "<group>";
		};
		3E91A2201BD512CA00660650 /* Supporting Files */ = {
			isa = PBXGroup;
			children = (
				3E91A2381BD5131C00660650 /* Data.txt */,
				3E91A2211BD512CA00660650 /* main.m */,
			);
			name = "Supporting Files";
			sourceTree = "<group>";
		};
		3E91A2371BD512DF00660650 /* SPStoryboards */ = {
			isa = PBXGroup;
			children = (
				3E91A2291BD512CA00660650 /* Main.storyboard */,
				3E91A22E1BD512CA00660650 /* LaunchScreen.storyboard */,
			);
			name = SPStoryboards;
			sourceTree = "<group>";
		};
		3E91A23A1BD529DC00660650 /* SPClasses */ = {
			isa = PBXGroup;
			children = (
				3E91A23B1BD529E900660650 /* SPControllers */,
			);
			name = SPClasses;
			sourceTree = "<group>";
		};
		3E91A23B1BD529E900660650 /* SPControllers */ = {
			isa = PBXGroup;
			children = (
				3E91A2261BD512CA00660650 /* ViewController.h */,
				3E91A2271BD512CA00660650 /* ViewController.m */,
			);
			name = SPControllers;
			sourceTree = "<group>";
		};
/* End PBXGroup section */

/* Begin PBXNativeTarget section */
		3E91A21C1BD512CA00660650 /* SPAutolayout-V1 */ = {
			isa = PBXNativeTarget;
			buildConfigurationList = 3E91A2341BD512CA00660650 /* Build configuration list for PBXNativeTarget "SPAutolayout-V1" */;
			buildPhases = (
				3E91A2191BD512CA00660650 /* Sources */,
				3E91A21A1BD512CA00660650 /* Frameworks */,
				3E91A21B1BD512CA00660650 /* Resources */,
			);
			buildRules = (
			);
			dependencies = (
			);
			name = "SPAutolayout-V1";
			productName = "SPAutolayout-V1";
			productReference = 3E91A21D1BD512CA00660650 /* SPAutolayout-V1.app */;
			productType = "com.apple.product-type.application";
		};
/* End PBXNativeTarget section */

/* Begin PBXProject section */
		3E91A2151BD512CA00660650 /* Project object */ = {
			isa = PBXProject;
			attributes = {
				LastUpgradeCheck = 0700;
				ORGANIZATIONNAME = popovychs;
				TargetAttributes = {
					3E91A21C1BD512CA00660650 = {
						CreatedOnToolsVersion = 7.0.1;
					};
				};
			};
			buildConfigurationList = 3E91A2181BD512CA00660650 /* Build configuration list for PBXProject "SPAutolayout-V1" */;
			compatibilityVersion = "Xcode 3.2";
			developmentRegion = English;
			hasScannedForEncodings = 0;
			knownRegions = (
				en,
				Base,
			);
			mainGroup = 3E91A2141BD512CA00660650;
			productRefGroup = 3E91A21E1BD512CA00660650 /* Products */;
			projectDirPath = "";
			projectRoot = "";
			targets = (
				3E91A21C1BD512CA00660650 /* SPAutolayout-V1 */,
			);
		};
/* End PBXProject section */

/* Begin PBXResourcesBuildPhase section */
		3E91A21B1BD512CA00660650 /* Resources */ = {
			isa = PBXResourcesBuildPhase;
			buildActionMask = 2147483647;
			files = (
				3E91A2391BD5131C00660650 /* Data.txt in Resources */,
				3E91A2301BD512CA00660650 /* LaunchScreen.storyboard in Resources */,
				3E91A22D1BD512CA00660650 /* Assets.xcassets in Resources */,
				3E91A22B1BD512CA00660650 /* Main.storyboard in Resources */,
			);
			runOnlyForDeploymentPostprocessing = 0;
		};
/* End PBXResourcesBuildPhase section */

/* Begin PBXSourcesBuildPhase section */
		3E91A2191BD512CA00660650 /* Sources */ = {
			isa = PBXSourcesBuildPhase;
			buildActionMask = 2147483647;
			files = (
				3E91A2281BD512CA00660650 /* ViewController.m in Sources */,
				3E91A2251BD512CA00660650 /* AppDelegate.m in Sources */,
				3E91A2221BD512CA00660650 /* main.m in Sources */,
			);
			runOnlyForDeploymentPostprocessing = 0;
		};
/* End PBXSourcesBuildPhase section */

/* Begin PBXVariantGroup section */
		3E91A2291BD512CA00660650 /* Main.storyboard */ = {
			isa = PBXVariantGroup;
			children = (
				3E91A22A1BD512CA00660650 /* Base */,
			);
			name = Main.storyboard;
			sourceTree = "<group>";
		};
		3E91A22E1BD512CA00660650 /* LaunchScreen.storyboard */ = {
			isa = PBXVariantGroup;
			children = (
				3E91A22F1BD512CA00660650 /* Base */,
			);
			name = LaunchScreen.storyboard;
			sourceTree = "<group>";
		};
/* End PBXVariantGroup section */

/* Begin XCBuildConfiguration section */
		3E91A2321BD512CA00660650 /* Debug */ = {
			isa = XCBuildConfiguration;
			buildSettings = {
				ALWAYS_SEARCH_USER_PATHS = NO;
				CLANG_CXX_LANGUAGE_STANDARD = "gnu++0x";
				CLANG_CXX_LIBRARY = "libc++";
				CLANG_ENABLE_MODULES = YES;
				CLANG_ENABLE_OBJC_ARC = YES;
				CLANG_WARN_BOOL_CONVERSION = YES;
				CLANG_WARN_CONSTANT_CONVERSION = YES;
				CLANG_WARN_DIRECT_OBJC_ISA_USAGE = YES_ERROR;
				CLANG_WARN_EMPTY_BODY = YES;
				CLANG_WARN_ENUM_CONVERSION = YES;
				CLANG_WARN_INT_CONVERSION = YES;
				CLANG_WARN_OBJC_ROOT_CLASS = YES_ERROR;
				CLANG_WARN_UNREACHABLE_CODE = YES;
				CLANG_WARN__DUPLICATE_METHOD_MATCH = YES;
				"CODE_SIGN_IDENTITY[sdk=iphoneos*]" = "iPhone Developer";
				COPY_PHASE_STRIP = NO;
				DEBUG_INFORMATION_FORMAT = dwarf;
				ENABLE_STRICT_OBJC_MSGSEND = YES;
				ENABLE_TESTABILITY = YES;
				GCC_C_LANGUAGE_STANDARD = gnu99;
				GCC_DYNAMIC_NO_PIC = NO;
				GCC_NO_COMMON_BLOCKS = YES;
				GCC_OPTIMIZATION_LEVEL = 0;
				GCC_PREPROCESSOR_DEFINITIONS = (
					"DEBUG=1",
					"$(inherited)",
				);
				GCC_WARN_64_TO_32_BIT_CONVERSION = YES;
				GCC_WARN_ABOUT_RETURN_TYPE = YES_ERROR;
				GCC_WARN_UNDECLARED_SELECTOR = YES;
				GCC_WARN_UNINITIALIZED_AUTOS = YES_AGGRESSIVE;
				GCC_WARN_UNUSED_FUNCTION = YES;
				GCC_WARN_UNUSED_VARIABLE = YES;
				IPHONEOS_DEPLOYMENT_TARGET = 9.0;
				MTL_ENABLE_DEBUG_INFO = YES;
				ONLY_ACTIVE_ARCH = YES;
				SDKROOT = iphoneos;
			};
			name = Debug;
		};
		3E91A2331BD512CA00660650 /* Release */ = {
			isa = XCBuildConfiguration;
			buildSettings = {
				ALWAYS_SEARCH_USER_PATHS = NO;
				CLANG_CXX_LANGUAGE_STANDARD = "gnu++0x";
				CLANG_CXX_LIBRARY = "libc++";
				CLANG_ENABLE_MODULES = YES;
				CLANG_ENABLE_OBJC_ARC = YES;
				CLANG_WARN_BOOL_CONVERSION = YES;
				CLANG_WARN_CONSTANT_CONVERSION = YES;
				CLANG_WARN_DIRECT_OBJC_ISA_USAGE = YES_ERROR;
				CLANG_WARN_EMPTY_BODY = YES;
				CLANG_WARN_ENUM_CONVERSION = YES;
				CLANG_WARN_INT_CONVERSION = YES;
				CLANG_WARN_OBJC_ROOT_CLASS = YES_ERROR;
				CLANG_WARN_UNREACHABLE_CODE = YES;
				CLANG_WARN__DUPLICATE_METHOD_MATCH = YES;
				"CODE_SIGN_IDENTITY[sdk=iphoneos*]" = "iPhone Developer";
				COPY_PHASE_STRIP = NO;
				DEBUG_INFORMATION_FORMAT = "dwarf-with-dsym";
				ENABLE_NS_ASSERTIONS = NO;
				ENABLE_STRICT_OBJC_MSGSEND = YES;
				GCC_C_LANGUAGE_STANDARD = gnu99;
				GCC_NO_COMMON_BLOCKS = YES;
				GCC_WARN_64_TO_32_BIT_CONVERSION = YES;
				GCC_WARN_ABOUT_RETURN_TYPE = YES_ERROR;
				GCC_WARN_UNDECLARED_SELECTOR = YES;
				GCC_WARN_UNINITIALIZED_AUTOS = YES_AGGRESSIVE;
				GCC_WARN_UNUSED_FUNCTION = YES;
				GCC_WARN_UNUSED_VARIABLE = YES;
				IPHONEOS_DEPLOYMENT_TARGET = 9.0;
				MTL_ENABLE_DEBUG_INFO = NO;
				SDKROOT = iphoneos;
				VALIDATE_PRODUCT = YES;
			};
			name = Release;
		};
		3E91A2351BD512CA00660650 /* Debug */ = {
			isa = XCBuildConfiguration;
			buildSettings = {
				ASSETCATALOG_COMPILER_APPICON_NAME = AppIcon;
				INFOPLIST_FILE = "SPAutolayout-V1/Info.plist";
				LD_RUNPATH_SEARCH_PATHS = "$(inherited) @executable_path/Frameworks";
				PRODUCT_BUNDLE_IDENTIFIER = "popovychs.SPAutolayout-V1";
				PRODUCT_NAME = "$(TARGET_NAME)";
			};
			name = Debug;
		};
		3E91A2361BD512CA00660650 /* Release */ = {
			isa = XCBuildConfiguration;
			buildSettings = {
				ASSETCATALOG_COMPILER_APPICON_NAME = AppIcon;
				INFOPLIST_FILE = "SPAutolayout-V1/Info.plist";
				LD_RUNPATH_SEARCH_PATHS = "$(inherited) @executable_path/Frameworks";
				PRODUCT_BUNDLE_IDENTIFIER = "popovychs.SPAutolayout-V1";
				PRODUCT_NAME = "$(TARGET_NAME)";
			};
			name = Release;
		};
/* End XCBuildConfiguration section */

/* Begin XCConfigurationList section */
		3E91A2181BD512CA00660650 /* Build configuration list for PBXProject "SPAutolayout-V1" */ = {
			isa = XCConfigurationList;
			buildConfigurations = (
				3E91A2321BD512CA00660650 /* Debug */,
				3E91A2331BD512CA00660650 /* Release */,
			);
			defaultConfigurationIsVisible = 0;
			defaultConfigurationName = Release;
		};
		3E91A2341BD512CA00660650 /* Build configuration list for PBXNativeTarget "SPAutolayout-V1" */ = {
			isa = XCConfigurationList;
			buildConfigurations = (
				3E91A2351BD512CA00660650 /* Debug */,
				3E91A2361BD512CA00660650 /* Release */,
			);
			defaultConfigurationIsVisible = 0;
		};
/* End XCConfigurationList section */
	};
	rootObject = 3E91A2151BD512CA00660650 /* Project object */;
}
